
Microsoft Visual Studio Solution File, Format Version 12.00
# Visual Studio Version 16
VisualStudioVersion = 16.0.30517.126
MinimumVisualStudioVersion = 10.0.40219.1
Project("{FAE04EC0-301F-11D3-BF4B-00C04F79EFBC}") = "ApiRest", "ApiRest\ApiRest.csproj", "{C00277FD-F831-435F-B168-4A9672B0D7AC}"
EndProject
Global
	GlobalSection(SolutionConfigurationPlatforms) = preSolution
		Debug|Any CPU = Debug|Any CPU
		Release|Any CPU = Release|Any CPU
	EndGlobalSection
	GlobalSection(ProjectConfigurationPlatforms) = postSolution
		{C00277FD-F831-435F-B168-4A9672B0D7AC}.Debug|Any CPU.ActiveCfg = Debug|Any CPU
		{C00277FD-F831-435F-B168-4A9672B0D7AC}.Debug|Any CPU.Build.0 = Debug|Any CPU
		{C00277FD-F831-435F-B168-4A9672B0D7AC}.Release|Any CPU.ActiveCfg = Release|Any CPU
		{C00277FD-F831-435F-B168-4A9672B0D7AC}.Release|Any CPU.Build.0 = Release|Any CPU
	EndGlobalSection
	GlobalSection(SolutionProperties) = preSolution
		HideSolutionNode = FALSE
	EndGlobalSection
	GlobalSection(ExtensibilityGlobals) = postSolution
		SolutionGuid = {B2FC61A3-97C8-41D8-BA8A-83CDF366B99E}
	EndGlobalSection
EndGlobal
